
Microsoft Visual Studio Solution File, Format Version 12.00
# Visual Studio 2013
VisualStudioVersion = 12.0.30501.0
MinimumVisualStudioVersion = 10.0.40219.1
Project("{FAE04EC0-301F-11D3-BF4B-00C04F79EFBC}") = "SampleWebSiteLoggerClient", "SampleWebSiteLoggerClient\SampleWebSiteLoggerClient.csproj", "{4701BDC0-7815-4866-A69F-F1BA4D021A8B}"
EndProject
Project("{2150E333-8FDC-42A3-9474-1A3956D46DE8}") = "PublishScripts", "PublishScripts", "{7E33C110-EAB6-4EDC-A6A8-DC036E3BCE9B}"
	ProjectSection(SolutionItems) = preProject
		PublishScripts\AzureWebsitePublishModule.psm1 = PublishScripts\AzureWebsitePublishModule.psm1
		PublishScripts\Publish-WebApplicationWebsite.ps1 = PublishScripts\Publish-WebApplicationWebsite.ps1
	EndProjectSection
EndProject
Project("{2150E333-8FDC-42A3-9474-1A3956D46DE8}") = "Configurations", "Configurations", "{8D6FD808-8A35-43BF-8496-846EB3648758}"
	ProjectSection(SolutionItems) = preProject
		PublishScripts\Configurations\SampleWebSiteLoggerClient-WAWS-dev.json = PublishScripts\Configurations\SampleWebSiteLoggerClient-WAWS-dev.json
	EndProjectSection
EndProject
Global
	GlobalSection(TeamFoundationVersionControl) = preSolution
		SccNumberOfProjects = 2
		SccEnterpriseProvider = {4CA58AB2-18FA-4F8D-95D4-32DDF27D184C}
		SccTeamFoundationServer = https://tristian2.visualstudio.com/defaultcollection
		SccLocalPath0 = .
		SccProjectUniqueName1 = SampleWebSiteLoggerClient\\SampleWebSiteLoggerClient.csproj
		SccProjectName1 = SampleWebSiteLoggerClient
		SccLocalPath1 = SampleWebSiteLoggerClient
	EndGlobalSection
	GlobalSection(SolutionConfigurationPlatforms) = preSolution
		Debug|Any CPU = Debug|Any CPU
		Release|Any CPU = Release|Any CPU
	EndGlobalSection
	GlobalSection(ProjectConfigurationPlatforms) = postSolution
		{4701BDC0-7815-4866-A69F-F1BA4D021A8B}.Debug|Any CPU.ActiveCfg = Debug|Any CPU
		{4701BDC0-7815-4866-A69F-F1BA4D021A8B}.Debug|Any CPU.Build.0 = Debug|Any CPU
		{4701BDC0-7815-4866-A69F-F1BA4D021A8B}.Release|Any CPU.ActiveCfg = Release|Any CPU
		{4701BDC0-7815-4866-A69F-F1BA4D021A8B}.Release|Any CPU.Build.0 = Release|Any CPU
	EndGlobalSection
	GlobalSection(SolutionProperties) = preSolution
		HideSolutionNode = FALSE
	EndGlobalSection
	GlobalSection(NestedProjects) = preSolution
		{8D6FD808-8A35-43BF-8496-846EB3648758} = {7E33C110-EAB6-4EDC-A6A8-DC036E3BCE9B}
	EndGlobalSection
EndGlobal
